// !$*UTF8*$!
{
	archiveVersion = 1;
	classes = {
	};
	objectVersion = 46;
	objects = {

/* Begin PBXBuildFile section */
		60F0C3F01B231D450084EB5B /* AppDelegate.swift in Sources */ = {isa = PBXBuildFile; fileRef = 60F0C3EF1B231D450084EB5B /* AppDelegate.swift */; };
		60F0C3F21B231D450084EB5B /* ViewController.swift in Sources */ = {isa = PBXBuildFile; fileRef = 60F0C3F11B231D450084EB5B /* ViewController.swift */; };
		60F0C3F51B231D450084EB5B /* Main.storyboard in Resources */ = {isa = PBXBuildFile; fileRef = 60F0C3F31B231D450084EB5B /* Main.storyboard */; };
		60F0C3F71B231D450084EB5B /* Images.xcassets in Resources */ = {isa = PBXBuildFile; fileRef = 60F0C3F61B231D450084EB5B /* Images.xcassets */; };
		60F0C3FA1B231D450084EB5B /* LaunchScreen.xib in Resources */ = {isa = PBXBuildFile; fileRef = 60F0C3F81B231D450084EB5B /* LaunchScreen.xib */; };
		60F0C4061B231D450084EB5B /* iOSBootCampTests.swift in Sources */ = {isa = PBXBuildFile; fileRef = 60F0C4051B231D450084EB5B /* iOSBootCampTests.swift */; };
		60F0C4101B2324120084EB5B /* DetailViewController.swift in Sources */ = {isa = PBXBuildFile; fileRef = 60F0C40F1B2324120084EB5B /* DetailViewController.swift */; };
		60F0C4121B232EFC0084EB5B /* ImageCell.swift in Sources */ = {isa = PBXBuildFile; fileRef = 60F0C4111B232EFC0084EB5B /* ImageCell.swift */; };
		60F0C4161B233F320084EB5B /* Person.m in Sources */ = {isa = PBXBuildFile; fileRef = 60F0C4151B233F320084EB5B /* Person.m */; };
/* End PBXBuildFile section */

/* Begin PBXContainerItemProxy section */
		60F0C4001B231D450084EB5B /* PBXContainerItemProxy */ = {
			isa = PBXContainerItemProxy;
			containerPortal = 60F0C3E21B231D440084EB5B /* Project object */;
			proxyType = 1;
			remoteGlobalIDString = 60F0C3E91B231D450084EB5B;
			remoteInfo = iOSBootCamp;
		};
/* End PBXContainerItemProxy section */

/* Begin PBXFileReference section */
		60F0C3EA1B231D450084EB5B /* iOSBootCamp.app */ = {isa = PBXFileReference; explicitFileType = wrapper.application; includeInIndex = 0; path = iOSBootCamp.app; sourceTree = BUILT_PRODUCTS_DIR; };
		60F0C3EE1B231D450084EB5B /* Info.plist */ = {isa = PBXFileReference; lastKnownFileType = text.plist.xml; path = Info.plist; sourceTree = "<group>"; };
		60F0C3EF1B231D450084EB5B /* AppDelegate.swift */ = {isa = PBXFileReference; lastKnownFileType = sourcecode.swift; path = AppDelegate.swift; sourceTree = "<group>"; };
		60F0C3F11B231D450084EB5B /* ViewController.swift */ = {isa = PBXFileReference; lastKnownFileType = sourcecode.swift; path = ViewController.swift; sourceTree = "<group>"; };
		60F0C3F41B231D450084EB5B /* Base */ = {isa = PBXFileReference; lastKnownFileType = file.storyboard; name = Base; path = Base.lproj/Main.storyboard; sourceTree = "<group>"; };
		60F0C3F61B231D450084EB5B /* Images.xcassets */ = {isa = PBXFileReference; lastKnownFileType = folder.assetcatalog; path = Images.xcassets; sourceTree = "<group>"; };
		60F0C3F91B231D450084EB5B /* Base */ = {isa = PBXFileReference; lastKnownFileType = file.xib; name = Base; path = Base.lproj/LaunchScreen.xib; sourceTree = "<group>"; };
		60F0C3FF1B231D450084EB5B /* iOSBootCampTests.xctest */ = {isa = PBXFileReference; explicitFileType = wrapper.cfbundle; includeInIndex = 0; path = iOSBootCampTests.xctest; sourceTree = BUILT_PRODUCTS_DIR; };
		60F0C4041B231D450084EB5B /* Info.plist */ = {isa = PBXFileReference; lastKnownFileType = text.plist.xml; path = Info.plist; sourceTree = "<group>"; };
		60F0C4051B231D450084EB5B /* iOSBootCampTests.swift */ = {isa = PBXFileReference; lastKnownFileType = sourcecode.swift; path = iOSBootCampTests.swift; sourceTree = "<group>"; };
		60F0C40F1B2324120084EB5B /* DetailViewController.swift */ = {isa = PBXFileReference; fileEncoding = 4; lastKnownFileType = sourcecode.swift; path = DetailViewController.swift; sourceTree = "<group>"; };
		60F0C4111B232EFC0084EB5B /* ImageCell.swift */ = {isa = PBXFileReference; fileEncoding = 4; lastKnownFileType = sourcecode.swift; path = ImageCell.swift; sourceTree = "<group>"; };
		60F0C4131B233F310084EB5B /* iOSBootCamp-Bridging-Header.h */ = {isa = PBXFileReference; lastKnownFileType = sourcecode.c.h; path = "iOSBootCamp-Bridging-Header.h"; sourceTree = "<group>"; };
		60F0C4141B233F320084EB5B /* Person.h */ = {isa = PBXFileReference; fileEncoding = 4; lastKnownFileType = sourcecode.c.h; path = Person.h; sourceTree = "<group>"; };
		60F0C4151B233F320084EB5B /* Person.m */ = {isa = PBXFileReference; fileEncoding = 4; lastKnownFileType = sourcecode.c.objc; path = Person.m; sourceTree = "<group>"; };
/* End PBXFileReference section */

/* Begin PBXFrameworksBuildPhase section */
		60F0C3E71B231D450084EB5B /* Frameworks */ = {
			isa = PBXFrameworksBuildPhase;
			buildActionMask = 2147483647;
			files = (
			);
			runOnlyForDeploymentPostprocessing = 0;
		};
		60F0C3FC1B231D450084EB5B /* Frameworks */ = {
			isa = PBXFrameworksBuildPhase;
			buildActionMask = 2147483647;
			files = (
			);
			runOnlyForDeploymentPostprocessing = 0;
		};
/* End PBXFrameworksBuildPhase section */

/* Begin PBXGroup section */
		60F0C3E11B231D440084EB5B = {
			isa = PBXGroup;
			children = (
				60F0C3EC1B231D450084EB5B /* iOSBootCamp */,
				60F0C4021B231D450084EB5B /* iOSBootCampTests */,
				60F0C3EB1B231D450084EB5B /* Products */,
			);
			sourceTree = "<group>";
		};
		60F0C3EB1B231D450084EB5B /* Products */ = {
			isa = PBXGroup;
			children = (
				60F0C3EA1B231D450084EB5B /* iOSBootCamp.app */,
				60F0C3FF1B231D450084EB5B /* iOSBootCampTests.xctest */,
			);
			name = Products;
			sourceTree = "<group>";
		};
		60F0C3EC1B231D450084EB5B /* iOSBootCamp */ = {
			isa = PBXGroup;
			children = (
				60F0C4141B233F320084EB5B /* Person.h */,
				60F0C4151B233F320084EB5B /* Person.m */,
				60F0C3EF1B231D450084EB5B /* AppDelegate.swift */,
				60F0C3F11B231D450084EB5B /* ViewController.swift */,
				60F0C40F1B2324120084EB5B /* DetailViewController.swift */,
				60F0C4111B232EFC0084EB5B /* ImageCell.swift */,
				60F0C3F31B231D450084EB5B /* Main.storyboard */,
				60F0C3F61B231D450084EB5B /* Images.xcassets */,
				60F0C3F81B231D450084EB5B /* LaunchScreen.xib */,
				60F0C3ED1B231D450084EB5B /* Supporting Files */,
				60F0C4131B233F310084EB5B /* iOSBootCamp-Bridging-Header.h */,
			);
			path = iOSBootCamp;
			sourceTree = "<group>";
		};
		60F0C3ED1B231D450084EB5B /* Supporting Files */ = {
			isa = PBXGroup;
			children = (
				60F0C3EE1B231D450084EB5B /* Info.plist */,
			);
			name = "Supporting Files";
			sourceTree = "<group>";
		};
		60F0C4021B231D450084EB5B /* iOSBootCampTests */ = {
			isa = PBXGroup;
			children = (
				60F0C4051B231D450084EB5B /* iOSBootCampTests.swift */,
				60F0C4031B231D450084EB5B /* Supporting Files */,
			);
			path = iOSBootCampTests;
			sourceTree = "<group>";
		};
		60F0C4031B231D450084EB5B /* Supporting Files */ = {
			isa = PBXGroup;
			children = (
				60F0C4041B231D450084EB5B /* Info.plist */,
			);
			name = "Supporting Files";
			sourceTree = "<group>";
		};
/* End PBXGroup section */

/* Begin PBXNativeTarget section */
		60F0C3E91B231D450084EB5B /* iOSBootCamp */ = {
			isa = PBXNativeTarget;
			buildConfigurationList = 60F0C4091B231D450084EB5B /* Build configuration list for PBXNativeTarget "iOSBootCamp" */;
			buildPhases = (
				60F0C3E61B231D450084EB5B /* Sources */,
				60F0C3E71B231D450084EB5B /* Frameworks */,
				60F0C3E81B231D450084EB5B /* Resources */,
			);
			buildRules = (
			);
			dependencies = (
			);
			name = iOSBootCamp;
			productName = iOSBootCamp;
			productReference = 60F0C3EA1B231D450084EB5B /* iOSBootCamp.app */;
			productType = "com.apple.product-type.application";
		};
		60F0C3FE1B231D450084EB5B /* iOSBootCampTests */ = {
			isa = PBXNativeTarget;
			buildConfigurationList = 60F0C40C1B231D450084EB5B /* Build configuration list for PBXNativeTarget "iOSBootCampTests" */;
			buildPhases = (
				60F0C3FB1B231D450084EB5B /* Sources */,
				60F0C3FC1B231D450084EB5B /* Frameworks */,
				60F0C3FD1B231D450084EB5B /* Resources */,
			);
			buildRules = (
			);
			dependencies = (
				60F0C4011B231D450084EB5B /* PBXTargetDependency */,
			);
			name = iOSBootCampTests;
			productName = iOSBootCampTests;
			productReference = 60F0C3FF1B231D450084EB5B /* iOSBootCampTests.xctest */;
			productType = "com.apple.product-type.bundle.unit-test";
		};
/* End PBXNativeTarget section */

/* Begin PBXProject section */
		60F0C3E21B231D440084EB5B /* Project object */ = {
			isa = PBXProject;
			attributes = {
				LastUpgradeCheck = 0630;
				ORGANIZATIONNAME = "#pragmamark";
				TargetAttributes = {
					60F0C3E91B231D450084EB5B = {
						CreatedOnToolsVersion = 6.3.2;
					};
					60F0C3FE1B231D450084EB5B = {
						CreatedOnToolsVersion = 6.3.2;
						TestTargetID = 60F0C3E91B231D450084EB5B;
					};
				};
			};
			buildConfigurationList = 60F0C3E51B231D440084EB5B /* Build configuration list for PBXProject "iOSBootCamp" */;
			compatibilityVersion = "Xcode 3.2";
			developmentRegion = English;
			hasScannedForEncodings = 0;
			knownRegions = (
				en,
				Base,
			);
			mainGroup = 60F0C3E11B231D440084EB5B;
			productRefGroup = 60F0C3EB1B231D450084EB5B /* Products */;
			projectDirPath = "";
			projectRoot = "";
			targets = (
				60F0C3E91B231D450084EB5B /* iOSBootCamp */,
				60F0C3FE1B231D450084EB5B /* iOSBootCampTests */,
			);
		};
/* End PBXProject section */

/* Begin PBXResourcesBuildPhase section */
		60F0C3E81B231D450084EB5B /* Resources */ = {
			isa = PBXResourcesBuildPhase;
			buildActionMask = 2147483647;
			files = (
				60F0C3F51B231D450084EB5B /* Main.storyboard in Resources */,
				60F0C3FA1B231D450084EB5B /* LaunchScreen.xib in Resources */,
				60F0C3F71B231D450084EB5B /* Images.xcassets in Resources */,
			);
			runOnlyForDeploymentPostprocessing = 0;
		};
		60F0C3FD1B231D450084EB5B /* Resources */ = {
			isa = PBXResourcesBuildPhase;
			buildActionMask = 2147483647;
			files = (
			);
			runOnlyForDeploymentPostprocessing = 0;
		};
/* End PBXResourcesBuildPhase section */

/* Begin PBXSourcesBuildPhase section */
		60F0C3E61B231D450084EB5B /* Sources */ = {
			isa = PBXSourcesBuildPhase;
			buildActionMask = 2147483647;
			files = (
				60F0C4101B2324120084EB5B /* DetailViewController.swift in Sources */,
				60F0C4121B232EFC0084EB5B /* ImageCell.swift in Sources */,
				60F0C4161B233F320084EB5B /* Person.m in Sources */,
				60F0C3F21B231D450084EB5B /* ViewController.swift in Sources */,
				60F0C3F01B231D450084EB5B /* AppDelegate.swift in Sources */,
			);
			runOnlyForDeploymentPostprocessing = 0;
		};
		60F0C3FB1B231D450084EB5B /* Sources */ = {
			isa = PBXSourcesBuildPhase;
			buildActionMask = 2147483647;
			files = (
				60F0C4061B231D450084EB5B /* iOSBootCampTests.swift in Sources */,
			);
			runOnlyForDeploymentPostprocessing = 0;
		};
/* End PBXSourcesBuildPhase section */

/* Begin PBXTargetDependency section */
		60F0C4011B231D450084EB5B /* PBXTargetDependency */ = {
			isa = PBXTargetDependency;
			target = 60F0C3E91B231D450084EB5B /* iOSBootCamp */;
			targetProxy = 60F0C4001B231D450084EB5B /* PBXContainerItemProxy */;
		};
/* End PBXTargetDependency section */

/* Begin PBXVariantGroup section */
		60F0C3F31B231D450084EB5B /* Main.storyboard */ = {
			isa = PBXVariantGroup;
			children = (
				60F0C3F41B231D450084EB5B /* Base */,
			);
			name = Main.storyboard;
			sourceTree = "<group>";
		};
		60F0C3F81B231D450084EB5B /* LaunchScreen.xib */ = {
			isa = PBXVariantGroup;
			children = (
				60F0C3F91B231D450084EB5B /* Base */,
			);
			name = LaunchScreen.xib;
			sourceTree = "<group>";
		};
/* End PBXVariantGroup section */

/* Begin XCBuildConfiguration section */
		60F0C4071B231D450084EB5B /* Debug */ = {
			isa = XCBuildConfiguration;
			buildSettings = {
				ALWAYS_SEARCH_USER_PATHS = NO;
				CLANG_CXX_LANGUAGE_STANDARD = "gnu++0x";
				CLANG_CXX_LIBRARY = "libc++";
				CLANG_ENABLE_MODULES = YES;
				CLANG_ENABLE_OBJC_ARC = YES;
				CLANG_WARN_BOOL_CONVERSION = YES;
				CLANG_WARN_CONSTANT_CONVERSION = YES;
				CLANG_WARN_DIRECT_OBJC_ISA_USAGE = YES_ERROR;
				CLANG_WARN_EMPTY_BODY = YES;
				CLANG_WARN_ENUM_CONVERSION = YES;
				CLANG_WARN_INT_CONVERSION = YES;
				CLANG_WARN_OBJC_ROOT_CLASS = YES_ERROR;
				CLANG_WARN_UNREACHABLE_CODE = YES;
				CLANG_WARN__DUPLICATE_METHOD_MATCH = YES;
				"CODE_SIGN_IDENTITY[sdk=iphoneos*]" = "iPhone Developer";
				COPY_PHASE_STRIP = NO;
				DEBUG_INFORMATION_FORMAT = "dwarf-with-dsym";
				ENABLE_STRICT_OBJC_MSGSEND = YES;
				GCC_C_LANGUAGE_STANDARD = gnu99;
				GCC_DYNAMIC_NO_PIC = NO;
				GCC_NO_COMMON_BLOCKS = YES;
				GCC_OPTIMIZATION_LEVEL = 0;
				GCC_PREPROCESSOR_DEFINITIONS = (
					"DEBUG=1",
					"$(inherited)",
				);
				GCC_SYMBOLS_PRIVATE_EXTERN = NO;
				GCC_WARN_64_TO_32_BIT_CONVERSION = YES;
				GCC_WARN_ABOUT_RETURN_TYPE = YES_ERROR;
				GCC_WARN_UNDECLARED_SELECTOR = YES;
				GCC_WARN_UNINITIALIZED_AUTOS = YES_AGGRESSIVE;
				GCC_WARN_UNUSED_FUNCTION = YES;
				GCC_WARN_UNUSED_VARIABLE = YES;
				IPHONEOS_DEPLOYMENT_TARGET = 8.3;
				MTL_ENABLE_DEBUG_INFO = YES;
				ONLY_ACTIVE_ARCH = YES;
				SDKROOT = iphoneos;
				SWIFT_OPTIMIZATION_LEVEL = "-Onone";
			};
			name = Debug;
		};
		60F0C4081B231D450084EB5B /* Release */ = {
			isa = XCBuildConfiguration;
			buildSettings = {
				ALWAYS_SEARCH_USER_PATHS = NO;
				CLANG_CXX_LANGUAGE_STANDARD = "gnu++0x";
				CLANG_CXX_LIBRARY = "libc++";
				CLANG_ENABLE_MODULES = YES;
				CLANG_ENABLE_OBJC_ARC = YES;
				CLANG_WARN_BOOL_CONVERSION = YES;
				CLANG_WARN_CONSTANT_CONVERSION = YES;
				CLANG_WARN_DIRECT_OBJC_ISA_USAGE = YES_ERROR;
				CLANG_WARN_EMPTY_BODY = YES;
				CLANG_WARN_ENUM_CONVERSION = YES;
				CLANG_WARN_INT_CONVERSION = YES;
				CLANG_WARN_OBJC_ROOT_CLASS = YES_ERROR;
				CLANG_WARN_UNREACHABLE_CODE = YES;
				CLANG_WARN__DUPLICATE_METHOD_MATCH = YES;
				"CODE_SIGN_IDENTITY[sdk=iphoneos*]" = "iPhone Developer";
				COPY_PHASE_STRIP = NO;
				DEBUG_INFORMATION_FORMAT = "dwarf-with-dsym";
				ENABLE_NS_ASSERTIONS = NO;
				ENABLE_STRICT_OBJC_MSGSEND = YES;
				GCC_C_LANGUAGE_STANDARD = gnu99;
				GCC_NO_COMMON_BLOCKS = YES;
				GCC_WARN_64_TO_32_BIT_CONVERSION = YES;
				GCC_WARN_ABOUT_RETURN_TYPE = YES_ERROR;
				GCC_WARN_UNDECLARED_SELECTOR = YES;
				GCC_WARN_UNINITIALIZED_AUTOS = YES_AGGRESSIVE;
				GCC_WARN_UNUSED_FUNCTION = YES;
				GCC_WARN_UNUSED_VARIABLE = YES;
				IPHONEOS_DEPLOYMENT_TARGET = 8.3;
				MTL_ENABLE_DEBUG_INFO = NO;
				SDKROOT = iphoneos;
				VALIDATE_PRODUCT = YES;
			};
			name = Release;
		};
		60F0C40A1B231D450084EB5B /* Debug */ = {
			isa = XCBuildConfiguration;
			buildSettings = {
				ASSETCATALOG_COMPILER_APPICON_NAME = AppIcon;
				CLANG_ENABLE_MODULES = YES;
				INFOPLIST_FILE = iOSBootCamp/Info.plist;
				LD_RUNPATH_SEARCH_PATHS = "$(inherited) @executable_path/Frameworks";
				PRODUCT_NAME = "$(TARGET_NAME)";
				SWIFT_OBJC_BRIDGING_HEADER = "iOSBootCamp/iOSBootCamp-Bridging-Header.h";
				SWIFT_OPTIMIZATION_LEVEL = "-Onone";
			};
			name = Debug;
		};
		60F0C40B1B231D450084EB5B /* Release */ = {
			isa = XCBuildConfiguration;
			buildSettings = {
				ASSETCATALOG_COMPILER_APPICON_NAME = AppIcon;
				CLANG_ENABLE_MODULES = YES;
				INFOPLIST_FILE = iOSBootCamp/Info.plist;
				LD_RUNPATH_SEARCH_PATHS = "$(inherited) @executable_path/Frameworks";
				PRODUCT_NAME = "$(TARGET_NAME)";
				SWIFT_OBJC_BRIDGING_HEADER = "iOSBootCamp/iOSBootCamp-Bridging-Header.h";
			};
			name = Release;
		};
		60F0C40D1B231D450084EB5B /* Debug */ = {
			isa = XCBuildConfiguration;
			buildSettings = {
				BUNDLE_LOADER = "$(TEST_HOST)";
				FRAMEWORK_SEARCH_PATHS = (
					"$(SDKROOT)/Developer/Library/Frameworks",
					"$(inherited)",
				);
				GCC_PREPROCESSOR_DEFINITIONS = (
					"DEBUG=1",
					"$(inherited)",
				);
				INFOPLIST_FILE = iOSBootCampTests/Info.plist;
				LD_RUNPATH_SEARCH_PATHS = "$(inherited) @executable_path/Frameworks @loader_path/Frameworks";
				PRODUCT_NAME = "$(TARGET_NAME)";
				TEST_HOST = "$(BUILT_PRODUCTS_DIR)/iOSBootCamp.app/iOSBootCamp";
			};
			name = Debug;
		};
		60F0C40E1B231D450084EB5B /* Release */ = {
			isa = XCBuildConfiguration;
			buildSettings = {
				BUNDLE_LOADER = "$(TEST_HOST)";
				FRAMEWORK_SEARCH_PATHS = (
					"$(SDKROOT)/Developer/Library/Frameworks",
					"$(inherited)",
				);
				INFOPLIST_FILE = iOSBootCampTests/Info.plist;
				LD_RUNPATH_SEARCH_PATHS = "$(inherited) @executable_path/Frameworks @loader_path/Frameworks";
				PRODUCT_NAME = "$(TARGET_NAME)";
				TEST_HOST = "$(BUILT_PRODUCTS_DIR)/iOSBootCamp.app/iOSBootCamp";
			};
			name = Release;
		};
/* End XCBuildConfiguration section */

/* Begin XCConfigurationList section */
		60F0C3E51B231D440084EB5B /* Build configuration list for PBXProject "iOSBootCamp" */ = {
			isa = XCConfigurationList;
			buildConfigurations = (
				60F0C4071B231D450084EB5B /* Debug */,
				60F0C4081B231D450084EB5B /* Release */,
			);
			defaultConfigurationIsVisible = 0;
			defaultConfigurationName = Release;
		};
		60F0C4091B231D450084EB5B /* Build configuration list for PBXNativeTarget "iOSBootCamp" */ = {
			isa = XCConfigurationList;
			buildConfigurations = (
				60F0C40A1B231D450084EB5B /* Debug */,
				60F0C40B1B231D450084EB5B /* Release */,
			);
			defaultConfigurationIsVisible = 0;
		};
		60F0C40C1B231D450084EB5B /* Build configuration list for PBXNativeTarget "iOSBootCampTests" */ = {
			isa = XCConfigurationList;
			buildConfigurations = (
				60F0C40D1B231D450084EB5B /* Debug */,
				60F0C40E1B231D450084EB5B /* Release */,
			);
			defaultConfigurationIsVisible = 0;
		};
/* End XCConfigurationList section */
	};
	rootObject = 60F0C3E21B231D440084EB5B /* Project object */;
}
